# This file is generated by running "yarn install" inside your project.
# Manual changes might be lost - proceed with caution!

__metadata:
  version: 6
  cacheKey: 8

"@custom-glue-ui-widget-examples/lit@workspace:.":
  version: 0.0.0-use.local
  resolution: "@custom-glue-ui-widget-examples/lit@workspace:."
  dependencies:
    esbuild: ^0.16.9
    lit: ^2.5.0
  languageName: unknown
  linkType: soft

"@esbuild/android-arm64@npm:0.16.9":
  version: 0.16.9
  resolution: "@esbuild/android-arm64@npm:0.16.9"
  conditions: os=android & cpu=arm64
  languageName: node
  linkType: hard

"@esbuild/android-arm@npm:0.16.9":
  version: 0.16.9
  resolution: "@esbuild/android-arm@npm:0.16.9"
  conditions: os=android & cpu=arm
  languageName: node
  linkType: hard

"@esbuild/android-x64@npm:0.16.9":
  version: 0.16.9
  resolution: "@esbuild/android-x64@npm:0.16.9"
  conditions: os=android & cpu=x64
  languageName: node
  linkType: hard

"@esbuild/darwin-arm64@npm:0.16.9":
  version: 0.16.9
  resolution: "@esbuild/darwin-arm64@npm:0.16.9"
  conditions: os=darwin & cpu=arm64
  languageName: node
  linkType: hard

"@esbuild/darwin-x64@npm:0.16.9":
  version: 0.16.9
  resolution: "@esbuild/darwin-x64@npm:0.16.9"
  conditions: os=darwin & cpu=x64
  languageName: node
  linkType: hard

"@esbuild/freebsd-arm64@npm:0.16.9":
  version: 0.16.9
  resolution: "@esbuild/freebsd-arm64@npm:0.16.9"
  conditions: os=freebsd & cpu=arm64
  languageName: node
  linkType: hard

"@esbuild/freebsd-x64@npm:0.16.9":
  version: 0.16.9
  resolution: "@esbuild/freebsd-x64@npm:0.16.9"
  conditions: os=freebsd & cpu=x64
  languageName: node
  linkType: hard

"@esbuild/linux-arm64@npm:0.16.9":
  version: 0.16.9
  resolution: "@esbuild/linux-arm64@npm:0.16.9"
  conditions: os=linux & cpu=arm64
  languageName: node
  linkType: hard

"@esbuild/linux-arm@npm:0.16.9":
  version: 0.16.9
  resolution: "@esbuild/linux-arm@npm:0.16.9"
  conditions: os=linux & cpu=arm
  languageName: node
  linkType: hard

"@esbuild/linux-ia32@npm:0.16.9":
  version: 0.16.9
  resolution: "@esbuild/linux-ia32@npm:0.16.9"
  conditions: os=linux & cpu=ia32
  languageName: node
  linkType: hard

"@esbuild/linux-loong64@npm:0.16.9":
  version: 0.16.9
  resolution: "@esbuild/linux-loong64@npm:0.16.9"
  conditions: os=linux & cpu=loong64
  languageName: node
  linkType: hard

"@esbuild/linux-mips64el@npm:0.16.9":
  version: 0.16.9
  resolution: "@esbuild/linux-mips64el@npm:0.16.9"
  conditions: os=linux & cpu=mips64el
  languageName: node
  linkType: hard

"@esbuild/linux-ppc64@npm:0.16.9":
  version: 0.16.9
  resolution: "@esbuild/linux-ppc64@npm:0.16.9"
  conditions: os=linux & cpu=ppc64
  languageName: node
  linkType: hard

"@esbuild/linux-riscv64@npm:0.16.9":
  version: 0.16.9
  resolution: "@esbuild/linux-riscv64@npm:0.16.9"
  conditions: os=linux & cpu=riscv64
  languageName: node
  linkType: hard

"@esbuild/linux-s390x@npm:0.16.9":
  version: 0.16.9
  resolution: "@esbuild/linux-s390x@npm:0.16.9"
  conditions: os=linux & cpu=s390x
  languageName: node
  linkType: hard

"@esbuild/linux-x64@npm:0.16.9":
  version: 0.16.9
  resolution: "@esbuild/linux-x64@npm:0.16.9"
  conditions: os=linux & cpu=x64
  languageName: node
  linkType: hard

"@esbuild/netbsd-x64@npm:0.16.9":
  version: 0.16.9
  resolution: "@esbuild/netbsd-x64@npm:0.16.9"
  conditions: os=netbsd & cpu=x64
  languageName: node
  linkType: hard

"@esbuild/openbsd-x64@npm:0.16.9":
  version: 0.16.9
  resolution: "@esbuild/openbsd-x64@npm:0.16.9"
  conditions: os=openbsd & cpu=x64
  languageName: node
  linkType: hard

"@esbuild/sunos-x64@npm:0.16.9":
  version: 0.16.9
  resolution: "@esbuild/sunos-x64@npm:0.16.9"
  conditions: os=sunos & cpu=x64
  languageName: node
  linkType: hard

"@esbuild/win32-arm64@npm:0.16.9":
  version: 0.16.9
  resolution: "@esbuild/win32-arm64@npm:0.16.9"
  conditions: os=win32 & cpu=arm64
  languageName: node
  linkType: hard

"@esbuild/win32-ia32@npm:0.16.9":
  version: 0.16.9
  resolution: "@esbuild/win32-ia32@npm:0.16.9"
  conditions: os=win32 & cpu=ia32
  languageName: node
  linkType: hard

"@esbuild/win32-x64@npm:0.16.9":
  version: 0.16.9
  resolution: "@esbuild/win32-x64@npm:0.16.9"
  conditions: os=win32 & cpu=x64
  languageName: node
  linkType: hard

"@lit/reactive-element@npm:^1.3.0, @lit/reactive-element@npm:^1.5.0":
  version: 1.5.0
  resolution: "@lit/reactive-element@npm:1.5.0"
  checksum: 8f87a2d9d7630c26ad0dd6b9a8ad46bb184fcec11e04ded3d487859a6cfebbe871d07a8271dfdf3f2d4b9688d27c17de0f8fa3fc690602f5b86d742f969a3ca4
  languageName: node
  linkType: hard

"@types/trusted-types@npm:^2.0.2":
  version: 2.0.2
  resolution: "@types/trusted-types@npm:2.0.2"
  checksum: 3371eef5f1c50e1c3c07a127c1207b262ba65b83dd167a1c460fc1b135a3fb0c97b9f508efebd383f239cc5dd5b7169093686a692a501fde9c3f7208657d9b0d
  languageName: node
  linkType: hard

"esbuild@npm:^0.16.9":
  version: 0.16.9
  resolution: "esbuild@npm:0.16.9"
  dependencies:
    "@esbuild/android-arm": 0.16.9
    "@esbuild/android-arm64": 0.16.9
    "@esbuild/android-x64": 0.16.9
    "@esbuild/darwin-arm64": 0.16.9
    "@esbuild/darwin-x64": 0.16.9
    "@esbuild/freebsd-arm64": 0.16.9
    "@esbuild/freebsd-x64": 0.16.9
    "@esbuild/linux-arm": 0.16.9
    "@esbuild/linux-arm64": 0.16.9
    "@esbuild/linux-ia32": 0.16.9
    "@esbuild/linux-loong64": 0.16.9
    "@esbuild/linux-mips64el": 0.16.9
    "@esbuild/linux-ppc64": 0.16.9
    "@esbuild/linux-riscv64": 0.16.9
    "@esbuild/linux-s390x": 0.16.9
    "@esbuild/linux-x64": 0.16.9
    "@esbuild/netbsd-x64": 0.16.9
    "@esbuild/openbsd-x64": 0.16.9
    "@esbuild/sunos-x64": 0.16.9
    "@esbuild/win32-arm64": 0.16.9
    "@esbuild/win32-ia32": 0.16.9
    "@esbuild/win32-x64": 0.16.9
  dependenciesMeta:
    "@esbuild/android-arm":
      optional: true
    "@esbuild/android-arm64":
      optional: true
    "@esbuild/android-x64":
      optional: true
    "@esbuild/darwin-arm64":
      optional: true
    "@esbuild/darwin-x64":
      optional: true
    "@esbuild/freebsd-arm64":
      optional: true
    "@esbuild/freebsd-x64":
      optional: true
    "@esbuild/linux-arm":
      optional: true
    "@esbuild/linux-arm64":
      optional: true
    "@esbuild/linux-ia32":
      optional: true
    "@esbuild/linux-loong64":
      optional: true
    "@esbuild/linux-mips64el":
      optional: true
    "@esbuild/linux-ppc64":
      optional: true
    "@esbuild/linux-riscv64":
      optional: true
    "@esbuild/linux-s390x":
      optional: true
    "@esbuild/linux-x64":
      optional: true
    "@esbuild/netbsd-x64":
      optional: true
    "@esbuild/openbsd-x64":
      optional: true
    "@esbuild/sunos-x64":
      optional: true
    "@esbuild/win32-arm64":
      optional: true
    "@esbuild/win32-ia32":
      optional: true
    "@esbuild/win32-x64":
      optional: true
  bin:
    esbuild: bin/esbuild
  checksum: e7053a94178e548ae166a3bdff1e2d2c6b4ac6fe5d17434eda8222d742b44b2ff5653434a03b2075676827ad8ca37ff24f3383f7b8da5ebb35d8fac4ae7b89f3
  languageName: node
  linkType: hard

"lit-element@npm:^3.2.0":
  version: 3.2.2
  resolution: "lit-element@npm:3.2.2"
  dependencies:
    "@lit/reactive-element": ^1.3.0
    lit-html: ^2.2.0
  checksum: e1df57c02ad5ae4c42b49a5066b3b623bccf7fa6610bbc3f65bc22cbbe1546ecd6a7f717b1f01863929262f416c4b8b7a39ff166114215f93cc22f4e5b3825c3
  languageName: node
  linkType: hard

"lit-html@npm:^2.2.0, lit-html@npm:^2.5.0":
  version: 2.5.0
  resolution: "lit-html@npm:2.5.0"
  dependencies:
    "@types/trusted-types": ^2.0.2
  checksum: 5376c423253037fbe1cb24f8178104eca6186df19d06bc91ad8d5d251af8467fd269a6c7e97ffaa5e9872a8dd453a40c3ffbe23c81d2823078f59be03f94c1bc
  languageName: node
  linkType: hard

"lit@npm:^2.5.0":
  version: 2.5.0
  resolution: "lit@npm:2.5.0"
  dependencies:
    "@lit/reactive-element": ^1.5.0
    lit-element: ^3.2.0
    lit-html: ^2.5.0
  checksum: 7f62ef9da4b21d37f8b476d8425903a22ed9c1e5b26597c811cb38760d28baf6cd83865457c971d1ac77d6ad59ecc73cd1870fa3478a08d0beffa0b74b016bec
  languageName: node
  linkType: hard
